// !$*UTF8*$!
{
	archiveVersion = 1;
	classes = {
	};
	objectVersion = 50;
	objects = {

/* Begin PBXBuildFile section */
		1A4A8B77221C423000A8B67F /* AppDelegate.swift in Sources */ = {isa = PBXBuildFile; fileRef = 1A4A8B76221C423000A8B67F /* AppDelegate.swift */; };
		1A4A8B79221C423000A8B67F /* ViewController.swift in Sources */ = {isa = PBXBuildFile; fileRef = 1A4A8B78221C423000A8B67F /* ViewController.swift */; };
		1A4A8B7C221C423000A8B67F /* Main.storyboard in Resources */ = {isa = PBXBuildFile; fileRef = 1A4A8B7A221C423000A8B67F /* Main.storyboard */; };
		1A4A8B7E221C423200A8B67F /* Assets.xcassets in Resources */ = {isa = PBXBuildFile; fileRef = 1A4A8B7D221C423200A8B67F /* Assets.xcassets */; };
		1A4A8B81221C423200A8B67F /* LaunchScreen.storyboard in Resources */ = {isa = PBXBuildFile; fileRef = 1A4A8B7F221C423200A8B67F /* LaunchScreen.storyboard */; };
		1A4A8B8C221C423200A8B67F /* PracticaPasarInformacionTests.swift in Sources */ = {isa = PBXBuildFile; fileRef = 1A4A8B8B221C423200A8B67F /* PracticaPasarInformacionTests.swift */; };
		1A4A8B97221C423200A8B67F /* PracticaPasarInformacionUITests.swift in Sources */ = {isa = PBXBuildFile; fileRef = 1A4A8B96221C423200A8B67F /* PracticaPasarInformacionUITests.swift */; };
		1A4A8BA9221C4ACF00A8B67F /* TableViewController.swift in Sources */ = {isa = PBXBuildFile; fileRef = 1A4A8BA8221C4ACF00A8B67F /* TableViewController.swift */; };
		1A4A8BAB221C4B0000A8B67F /* SecondTVC.swift in Sources */ = {isa = PBXBuildFile; fileRef = 1A4A8BAA221C4B0000A8B67F /* SecondTVC.swift */; };
/* End PBXBuildFile section */

/* Begin PBXContainerItemProxy section */
		1A4A8B88221C423200A8B67F /* PBXContainerItemProxy */ = {
			isa = PBXContainerItemProxy;
			containerPortal = 1A4A8B6B221C423000A8B67F /* Project object */;
			proxyType = 1;
			remoteGlobalIDString = 1A4A8B72221C423000A8B67F;
			remoteInfo = PracticaPasarInformacion;
		};
		1A4A8B93221C423200A8B67F /* PBXContainerItemProxy */ = {
			isa = PBXContainerItemProxy;
			containerPortal = 1A4A8B6B221C423000A8B67F /* Project object */;
			proxyType = 1;
			remoteGlobalIDString = 1A4A8B72221C423000A8B67F;
			remoteInfo = PracticaPasarInformacion;
		};
/* End PBXContainerItemProxy section */

/* Begin PBXFileReference section */
		1A4A8B73221C423000A8B67F /* PracticaPasarInformacion.app */ = {isa = PBXFileReference; explicitFileType = wrapper.application; includeInIndex = 0; path = PracticaPasarInformacion.app; sourceTree = BUILT_PRODUCTS_DIR; };
		1A4A8B76221C423000A8B67F /* AppDelegate.swift */ = {isa = PBXFileReference; lastKnownFileType = sourcecode.swift; path = AppDelegate.swift; sourceTree = "<group>"; };
		1A4A8B78221C423000A8B67F /* ViewController.swift */ = {isa = PBXFileReference; lastKnownFileType = sourcecode.swift; path = ViewController.swift; sourceTree = "<group>"; };
		1A4A8B7B221C423000A8B67F /* Base */ = {isa = PBXFileReference; lastKnownFileType = file.storyboard; name = Base; path = Base.lproj/Main.storyboard; sourceTree = "<group>"; };
		1A4A8B7D221C423200A8B67F /* Assets.xcassets */ = {isa = PBXFileReference; lastKnownFileType = folder.assetcatalog; path = Assets.xcassets; sourceTree = "<group>"; };
		1A4A8B80221C423200A8B67F /* Base */ = {isa = PBXFileReference; lastKnownFileType = file.storyboard; name = Base; path = Base.lproj/LaunchScreen.storyboard; sourceTree = "<group>"; };
		1A4A8B82221C423200A8B67F /* Info.plist */ = {isa = PBXFileReference; lastKnownFileType = text.plist.xml; path = Info.plist; sourceTree = "<group>"; };
		1A4A8B87221C423200A8B67F /* PracticaPasarInformacionTests.xctest */ = {isa = PBXFileReference; explicitFileType = wrapper.cfbundle; includeInIndex = 0; path = PracticaPasarInformacionTests.xctest; sourceTree = BUILT_PRODUCTS_DIR; };
		1A4A8B8B221C423200A8B67F /* PracticaPasarInformacionTests.swift */ = {isa = PBXFileReference; lastKnownFileType = sourcecode.swift; path = PracticaPasarInformacionTests.swift; sourceTree = "<group>"; };
		1A4A8B8D221C423200A8B67F /* Info.plist */ = {isa = PBXFileReference; lastKnownFileType = text.plist.xml; path = Info.plist; sourceTree = "<group>"; };
		1A4A8B92221C423200A8B67F /* PracticaPasarInformacionUITests.xctest */ = {isa = PBXFileReference; explicitFileType = wrapper.cfbundle; includeInIndex = 0; path = PracticaPasarInformacionUITests.xctest; sourceTree = BUILT_PRODUCTS_DIR; };
		1A4A8B96221C423200A8B67F /* PracticaPasarInformacionUITests.swift */ = {isa = PBXFileReference; lastKnownFileType = sourcecode.swift; path = PracticaPasarInformacionUITests.swift; sourceTree = "<group>"; };
		1A4A8B98221C423200A8B67F /* Info.plist */ = {isa = PBXFileReference; lastKnownFileType = text.plist.xml; path = Info.plist; sourceTree = "<group>"; };
		1A4A8BA8221C4ACF00A8B67F /* TableViewController.swift */ = {isa = PBXFileReference; lastKnownFileType = sourcecode.swift; path = TableViewController.swift; sourceTree = "<group>"; };
		1A4A8BAA221C4B0000A8B67F /* SecondTVC.swift */ = {isa = PBXFileReference; lastKnownFileType = sourcecode.swift; path = SecondTVC.swift; sourceTree = "<group>"; };
/* End PBXFileReference section */

/* Begin PBXFrameworksBuildPhase section */
		1A4A8B70221C423000A8B67F /* Frameworks */ = {
			isa = PBXFrameworksBuildPhase;
			buildActionMask = 2147483647;
			files = (
			);
			runOnlyForDeploymentPostprocessing = 0;
		};
		1A4A8B84221C423200A8B67F /* Frameworks */ = {
			isa = PBXFrameworksBuildPhase;
			buildActionMask = 2147483647;
			files = (
			);
			runOnlyForDeploymentPostprocessing = 0;
		};
		1A4A8B8F221C423200A8B67F /* Frameworks */ = {
			isa = PBXFrameworksBuildPhase;
			buildActionMask = 2147483647;
			files = (
			);
			runOnlyForDeploymentPostprocessing = 0;
		};
/* End PBXFrameworksBuildPhase section */

/* Begin PBXGroup section */
		1A4A8B6A221C423000A8B67F = {
			isa = PBXGroup;
			children = (
				1A4A8B75221C423000A8B67F /* PracticaPasarInformacion */,
				1A4A8B8A221C423200A8B67F /* PracticaPasarInformacionTests */,
				1A4A8B95221C423200A8B67F /* PracticaPasarInformacionUITests */,
				1A4A8B74221C423000A8B67F /* Products */,
			);
			sourceTree = "<group>";
		};
		1A4A8B74221C423000A8B67F /* Products */ = {
			isa = PBXGroup;
			children = (
				1A4A8B73221C423000A8B67F /* PracticaPasarInformacion.app */,
				1A4A8B87221C423200A8B67F /* PracticaPasarInformacionTests.xctest */,
				1A4A8B92221C423200A8B67F /* PracticaPasarInformacionUITests.xctest */,
			);
			name = Products;
			sourceTree = "<group>";
		};
		1A4A8B75221C423000A8B67F /* PracticaPasarInformacion */ = {
			isa = PBXGroup;
			children = (
				1A4A8B76221C423000A8B67F /* AppDelegate.swift */,
				1A4A8B78221C423000A8B67F /* ViewController.swift */,
				1A4A8B7A221C423000A8B67F /* Main.storyboard */,
				1A4A8B7D221C423200A8B67F /* Assets.xcassets */,
				1A4A8B7F221C423200A8B67F /* LaunchScreen.storyboard */,
				1A4A8B82221C423200A8B67F /* Info.plist */,
				1A4A8BA8221C4ACF00A8B67F /* TableViewController.swift */,
				1A4A8BAA221C4B0000A8B67F /* SecondTVC.swift */,
			);
			path = PracticaPasarInformacion;
			sourceTree = "<group>";
		};
		1A4A8B8A221C423200A8B67F /* PracticaPasarInformacionTests */ = {
			isa = PBXGroup;
			children = (
				1A4A8B8B221C423200A8B67F /* PracticaPasarInformacionTests.swift */,
				1A4A8B8D221C423200A8B67F /* Info.plist */,
			);
			path = PracticaPasarInformacionTests;
			sourceTree = "<group>";
		};
		1A4A8B95221C423200A8B67F /* PracticaPasarInformacionUITests */ = {
			isa = PBXGroup;
			children = (
				1A4A8B96221C423200A8B67F /* PracticaPasarInformacionUITests.swift */,
				1A4A8B98221C423200A8B67F /* Info.plist */,
			);
			path = PracticaPasarInformacionUITests;
			sourceTree = "<group>";
		};
/* End PBXGroup section */

/* Begin PBXNativeTarget section */
		1A4A8B72221C423000A8B67F /* PracticaPasarInformacion */ = {
			isa = PBXNativeTarget;
			buildConfigurationList = 1A4A8B9B221C423200A8B67F /* Build configuration list for PBXNativeTarget "PracticaPasarInformacion" */;
			buildPhases = (
				1A4A8B6F221C423000A8B67F /* Sources */,
				1A4A8B70221C423000A8B67F /* Frameworks */,
				1A4A8B71221C423000A8B67F /* Resources */,
			);
			buildRules = (
			);
			dependencies = (
			);
			name = PracticaPasarInformacion;
			productName = PracticaPasarInformacion;
			productReference = 1A4A8B73221C423000A8B67F /* PracticaPasarInformacion.app */;
			productType = "com.apple.product-type.application";
		};
		1A4A8B86221C423200A8B67F /* PracticaPasarInformacionTests */ = {
			isa = PBXNativeTarget;
			buildConfigurationList = 1A4A8B9E221C423200A8B67F /* Build configuration list for PBXNativeTarget "PracticaPasarInformacionTests" */;
			buildPhases = (
				1A4A8B83221C423200A8B67F /* Sources */,
				1A4A8B84221C423200A8B67F /* Frameworks */,
				1A4A8B85221C423200A8B67F /* Resources */,
			);
			buildRules = (
			);
			dependencies = (
				1A4A8B89221C423200A8B67F /* PBXTargetDependency */,
			);
			name = PracticaPasarInformacionTests;
			productName = PracticaPasarInformacionTests;
			productReference = 1A4A8B87221C423200A8B67F /* PracticaPasarInformacionTests.xctest */;
			productType = "com.apple.product-type.bundle.unit-test";
		};
		1A4A8B91221C423200A8B67F /* PracticaPasarInformacionUITests */ = {
			isa = PBXNativeTarget;
			buildConfigurationList = 1A4A8BA1221C423200A8B67F /* Build configuration list for PBXNativeTarget "PracticaPasarInformacionUITests" */;
			buildPhases = (
				1A4A8B8E221C423200A8B67F /* Sources */,
				1A4A8B8F221C423200A8B67F /* Frameworks */,
				1A4A8B90221C423200A8B67F /* Resources */,
			);
			buildRules = (
			);
			dependencies = (
				1A4A8B94221C423200A8B67F /* PBXTargetDependency */,
			);
			name = PracticaPasarInformacionUITests;
			productName = PracticaPasarInformacionUITests;
			productReference = 1A4A8B92221C423200A8B67F /* PracticaPasarInformacionUITests.xctest */;
			productType = "com.apple.product-type.bundle.ui-testing";
		};
/* End PBXNativeTarget section */

/* Begin PBXProject section */
		1A4A8B6B221C423000A8B67F /* Project object */ = {
			isa = PBXProject;
			attributes = {
				LastSwiftUpdateCheck = 1010;
				LastUpgradeCheck = 1010;
				ORGANIZATIONNAME = "Universidad Politecnica de Gómez Palacio";
				TargetAttributes = {
					1A4A8B72221C423000A8B67F = {
						CreatedOnToolsVersion = 10.1;
					};
					1A4A8B86221C423200A8B67F = {
						CreatedOnToolsVersion = 10.1;
						TestTargetID = 1A4A8B72221C423000A8B67F;
					};
					1A4A8B91221C423200A8B67F = {
						CreatedOnToolsVersion = 10.1;
						TestTargetID = 1A4A8B72221C423000A8B67F;
					};
				};
			};
			buildConfigurationList = 1A4A8B6E221C423000A8B67F /* Build configuration list for PBXProject "PracticaPasarInformacion" */;
			compatibilityVersion = "Xcode 9.3";
			developmentRegion = en;
			hasScannedForEncodings = 0;
			knownRegions = (
				en,
				Base,
			);
			mainGroup = 1A4A8B6A221C423000A8B67F;
			productRefGroup = 1A4A8B74221C423000A8B67F /* Products */;
			projectDirPath = "";
			projectRoot = "";
			targets = (
				1A4A8B72221C423000A8B67F /* PracticaPasarInformacion */,
				1A4A8B86221C423200A8B67F /* PracticaPasarInformacionTests */,
				1A4A8B91221C423200A8B67F /* PracticaPasarInformacionUITests */,
			);
		};
/* End PBXProject section */

/* Begin PBXResourcesBuildPhase section */
		1A4A8B71221C423000A8B67F /* Resources */ = {
			isa = PBXResourcesBuildPhase;
			buildActionMask = 2147483647;
			files = (
				1A4A8B81221C423200A8B67F /* LaunchScreen.storyboard in Resources */,
				1A4A8B7E221C423200A8B67F /* Assets.xcassets in Resources */,
				1A4A8B7C221C423000A8B67F /* Main.storyboard in Resources */,
			);
			runOnlyForDeploymentPostprocessing = 0;
		};
		1A4A8B85221C423200A8B67F /* Resources */ = {
			isa = PBXResourcesBuildPhase;
			buildActionMask = 2147483647;
			files = (
			);
			runOnlyForDeploymentPostprocessing = 0;
		};
		1A4A8B90221C423200A8B67F /* Resources */ = {
			isa = PBXResourcesBuildPhase;
			buildActionMask = 2147483647;
			files = (
			);
			runOnlyForDeploymentPostprocessing = 0;
		};
/* End PBXResourcesBuildPhase section */

/* Begin PBXSourcesBuildPhase section */
		1A4A8B6F221C423000A8B67F /* Sources */ = {
			isa = PBXSourcesBuildPhase;
			buildActionMask = 2147483647;
			files = (
				1A4A8B79221C423000A8B67F /* ViewController.swift in Sources */,
				1A4A8BA9221C4ACF00A8B67F /* TableViewController.swift in Sources */,
				1A4A8B77221C423000A8B67F /* AppDelegate.swift in Sources */,
				1A4A8BAB221C4B0000A8B67F /* SecondTVC.swift in Sources */,
			);
			runOnlyForDeploymentPostprocessing = 0;
		};
		1A4A8B83221C423200A8B67F /* Sources */ = {
			isa = PBXSourcesBuildPhase;
			buildActionMask = 2147483647;
			files = (
				1A4A8B8C221C423200A8B67F /* PracticaPasarInformacionTests.swift in Sources */,
			);
			runOnlyForDeploymentPostprocessing = 0;
		};
		1A4A8B8E221C423200A8B67F /* Sources */ = {
			isa = PBXSourcesBuildPhase;
			buildActionMask = 2147483647;
			files = (
				1A4A8B97221C423200A8B67F /* PracticaPasarInformacionUITests.swift in Sources */,
			);
			runOnlyForDeploymentPostprocessing = 0;
		};
/* End PBXSourcesBuildPhase section */

/* Begin PBXTargetDependency section */
		1A4A8B89221C423200A8B67F /* PBXTargetDependency */ = {
			isa = PBXTargetDependency;
			target = 1A4A8B72221C423000A8B67F /* PracticaPasarInformacion */;
			targetProxy = 1A4A8B88221C423200A8B67F /* PBXContainerItemProxy */;
		};
		1A4A8B94221C423200A8B67F /* PBXTargetDependency */ = {
			isa = PBXTargetDependency;
			target = 1A4A8B72221C423000A8B67F /* PracticaPasarInformacion */;
			targetProxy = 1A4A8B93221C423200A8B67F /* PBXContainerItemProxy */;
		};
/* End PBXTargetDependency section */

/* Begin PBXVariantGroup section */
		1A4A8B7A221C423000A8B67F /* Main.storyboard */ = {
			isa = PBXVariantGroup;
			children = (
				1A4A8B7B221C423000A8B67F /* Base */,
			);
			name = Main.storyboard;
			sourceTree = "<group>";
		};
		1A4A8B7F221C423200A8B67F /* LaunchScreen.storyboard */ = {
			isa = PBXVariantGroup;
			children = (
				1A4A8B80221C423200A8B67F /* Base */,
			);
			name = LaunchScreen.storyboard;
			sourceTree = "<group>";
		};
/* End PBXVariantGroup section */

/* Begin XCBuildConfiguration section */
		1A4A8B99221C423200A8B67F /* Debug */ = {
			isa = XCBuildConfiguration;
			buildSettings = {
				ALWAYS_SEARCH_USER_PATHS = NO;
				CLANG_ANALYZER_NONNULL = YES;
				CLANG_ANALYZER_NUMBER_OBJECT_CONVERSION = YES_AGGRESSIVE;
				CLANG_CXX_LANGUAGE_STANDARD = "gnu++14";
				CLANG_CXX_LIBRARY = "libc++";
				CLANG_ENABLE_MODULES = YES;
				CLANG_ENABLE_OBJC_ARC = YES;
				CLANG_ENABLE_OBJC_WEAK = YES;
				CLANG_WARN_BLOCK_CAPTURE_AUTORELEASING = YES;
				CLANG_WARN_BOOL_CONVERSION = YES;
				CLANG_WARN_COMMA = YES;
				CLANG_WARN_CONSTANT_CONVERSION = YES;
				CLANG_WARN_DEPRECATED_OBJC_IMPLEMENTATIONS = YES;
				CLANG_WARN_DIRECT_OBJC_ISA_USAGE = YES_ERROR;
				CLANG_WARN_DOCUMENTATION_COMMENTS = YES;
				CLANG_WARN_EMPTY_BODY = YES;
				CLANG_WARN_ENUM_CONVERSION = YES;
				CLANG_WARN_INFINITE_RECURSION = YES;
				CLANG_WARN_INT_CONVERSION = YES;
				CLANG_WARN_NON_LITERAL_NULL_CONVERSION = YES;
				CLANG_WARN_OBJC_IMPLICIT_RETAIN_SELF = YES;
				CLANG_WARN_OBJC_LITERAL_CONVERSION = YES;
				CLANG_WARN_OBJC_ROOT_CLASS = YES_ERROR;
				CLANG_WARN_RANGE_LOOP_ANALYSIS = YES;
				CLANG_WARN_STRICT_PROTOTYPES = YES;
				CLANG_WARN_SUSPICIOUS_MOVE = YES;
				CLANG_WARN_UNGUARDED_AVAILABILITY = YES_AGGRESSIVE;
				CLANG_WARN_UNREACHABLE_CODE = YES;
				CLANG_WARN__DUPLICATE_METHOD_MATCH = YES;
				CODE_SIGN_IDENTITY = "iPhone Developer";
				COPY_PHASE_STRIP = NO;
				DEBUG_INFORMATION_FORMAT = dwarf;
				ENABLE_STRICT_OBJC_MSGSEND = YES;
				ENABLE_TESTABILITY = YES;
				GCC_C_LANGUAGE_STANDARD = gnu11;
				GCC_DYNAMIC_NO_PIC = NO;
				GCC_NO_COMMON_BLOCKS = YES;
				GCC_OPTIMIZATION_LEVEL = 0;
				GCC_PREPROCESSOR_DEFINITIONS = (
					"DEBUG=1",
					"$(inherited)",
				);
				GCC_WARN_64_TO_32_BIT_CONVERSION = YES;
				GCC_WARN_ABOUT_RETURN_TYPE = YES_ERROR;
				GCC_WARN_UNDECLARED_SELECTOR = YES;
				GCC_WARN_UNINITIALIZED_AUTOS = YES_AGGRESSIVE;
				GCC_WARN_UNUSED_FUNCTION = YES;
				GCC_WARN_UNUSED_VARIABLE = YES;
				IPHONEOS_DEPLOYMENT_TARGET = 12.1;
				MTL_ENABLE_DEBUG_INFO = INCLUDE_SOURCE;
				MTL_FAST_MATH = YES;
				ONLY_ACTIVE_ARCH = YES;
				SDKROOT = iphoneos;
				SWIFT_ACTIVE_COMPILATION_CONDITIONS = DEBUG;
				SWIFT_OPTIMIZATION_LEVEL = "-Onone";
			};
			name = Debug;
		};
		1A4A8B9A221C423200A8B67F /* Release */ = {
			isa = XCBuildConfiguration;
			buildSettings = {
				ALWAYS_SEARCH_USER_PATHS = NO;
				CLANG_ANALYZER_NONNULL = YES;
				CLANG_ANALYZER_NUMBER_OBJECT_CONVERSION = YES_AGGRESSIVE;
				CLANG_CXX_LANGUAGE_STANDARD = "gnu++14";
				CLANG_CXX_LIBRARY = "libc++";
				CLANG_ENABLE_MODULES = YES;
				CLANG_ENABLE_OBJC_ARC = YES;
				CLANG_ENABLE_OBJC_WEAK = YES;
				CLANG_WARN_BLOCK_CAPTURE_AUTORELEASING = YES;
				CLANG_WARN_BOOL_CONVERSION = YES;
				CLANG_WARN_COMMA = YES;
				CLANG_WARN_CONSTANT_CONVERSION = YES;
				CLANG_WARN_DEPRECATED_OBJC_IMPLEMENTATIONS = YES;
				CLANG_WARN_DIRECT_OBJC_ISA_USAGE = YES_ERROR;
				CLANG_WARN_DOCUMENTATION_COMMENTS = YES;
				CLANG_WARN_EMPTY_BODY = YES;
				CLANG_WARN_ENUM_CONVERSION = YES;
				CLANG_WARN_INFINITE_RECURSION = YES;
				CLANG_WARN_INT_CONVERSION = YES;
				CLANG_WARN_NON_LITERAL_NULL_CONVERSION = YES;
				CLANG_WARN_OBJC_IMPLICIT_RETAIN_SELF = YES;
				CLANG_WARN_OBJC_LITERAL_CONVERSION = YES;
				CLANG_WARN_OBJC_ROOT_CLASS = YES_ERROR;
				CLANG_WARN_RANGE_LOOP_ANALYSIS = YES;
				CLANG_WARN_STRICT_PROTOTYPES = YES;
				CLANG_WARN_SUSPICIOUS_MOVE = YES;
				CLANG_WARN_UNGUARDED_AVAILABILITY = YES_AGGRESSIVE;
				CLANG_WARN_UNREACHABLE_CODE = YES;
				CLANG_WARN__DUPLICATE_METHOD_MATCH = YES;
				CODE_SIGN_IDENTITY = "iPhone Developer";
				COPY_PHASE_STRIP = NO;
				DEBUG_INFORMATION_FORMAT = "dwarf-with-dsym";
				ENABLE_NS_ASSERTIONS = NO;
				ENABLE_STRICT_OBJC_MSGSEND = YES;
				GCC_C_LANGUAGE_STANDARD = gnu11;
				GCC_NO_COMMON_BLOCKS = YES;
				GCC_WARN_64_TO_32_BIT_CONVERSION = YES;
				GCC_WARN_ABOUT_RETURN_TYPE = YES_ERROR;
				GCC_WARN_UNDECLARED_SELECTOR = YES;
				GCC_WARN_UNINITIALIZED_AUTOS = YES_AGGRESSIVE;
				GCC_WARN_UNUSED_FUNCTION = YES;
				GCC_WARN_UNUSED_VARIABLE = YES;
				IPHONEOS_DEPLOYMENT_TARGET = 12.1;
				MTL_ENABLE_DEBUG_INFO = NO;
				MTL_FAST_MATH = YES;
				SDKROOT = iphoneos;
				SWIFT_COMPILATION_MODE = wholemodule;
				SWIFT_OPTIMIZATION_LEVEL = "-O";
				VALIDATE_PRODUCT = YES;
			};
			name = Release;
		};
		1A4A8B9C221C423200A8B67F /* Debug */ = {
			isa = XCBuildConfiguration;
			buildSettings = {
				ASSETCATALOG_COMPILER_APPICON_NAME = AppIcon;
				CODE_SIGN_STYLE = Automatic;
				DEVELOPMENT_TEAM = HTLL38VT4L;
				INFOPLIST_FILE = PracticaPasarInformacion/Info.plist;
				LD_RUNPATH_SEARCH_PATHS = (
					"$(inherited)",
					"@executable_path/Frameworks",
				);
				PRODUCT_BUNDLE_IDENTIFIER = "-6.PracticaPasarInformacion";
				PRODUCT_NAME = "$(TARGET_NAME)";
				SWIFT_VERSION = 4.2;
				TARGETED_DEVICE_FAMILY = "1,2";
			};
			name = Debug;
		};
		1A4A8B9D221C423200A8B67F /* Release */ = {
			isa = XCBuildConfiguration;
			buildSettings = {
				ASSETCATALOG_COMPILER_APPICON_NAME = AppIcon;
				CODE_SIGN_STYLE = Automatic;
				DEVELOPMENT_TEAM = HTLL38VT4L;
				INFOPLIST_FILE = PracticaPasarInformacion/Info.plist;
				LD_RUNPATH_SEARCH_PATHS = (
					"$(inherited)",
					"@executable_path/Frameworks",
				);
				PRODUCT_BUNDLE_IDENTIFIER = "-6.PracticaPasarInformacion";
				PRODUCT_NAME = "$(TARGET_NAME)";
				SWIFT_VERSION = 4.2;
				TARGETED_DEVICE_FAMILY = "1,2";
			};
			name = Release;
		};
		1A4A8B9F221C423200A8B67F /* Debug */ = {
			isa = XCBuildConfiguration;
			buildSettings = {
				ALWAYS_EMBED_SWIFT_STANDARD_LIBRARIES = YES;
				BUNDLE_LOADER = "$(TEST_HOST)";
				CODE_SIGN_STYLE = Automatic;
				DEVELOPMENT_TEAM = HTLL38VT4L;
				INFOPLIST_FILE = PracticaPasarInformacionTests/Info.plist;
				LD_RUNPATH_SEARCH_PATHS = (
					"$(inherited)",
					"@executable_path/Frameworks",
					"@loader_path/Frameworks",
				);
				PRODUCT_BUNDLE_IDENTIFIER = "-6.PracticaPasarInformacionTests";
				PRODUCT_NAME = "$(TARGET_NAME)";
				SWIFT_VERSION = 4.2;
				TARGETED_DEVICE_FAMILY = "1,2";
				TEST_HOST = "$(BUILT_PRODUCTS_DIR)/PracticaPasarInformacion.app/PracticaPasarInformacion";
			};
			name = Debug;
		};
		1A4A8BA0221C423200A8B67F /* Release */ = {
			isa = XCBuildConfiguration;
			buildSettings = {
				ALWAYS_EMBED_SWIFT_STANDARD_LIBRARIES = YES;
				BUNDLE_LOADER = "$(TEST_HOST)";
				CODE_SIGN_STYLE = Automatic;
				DEVELOPMENT_TEAM = HTLL38VT4L;
				INFOPLIST_FILE = PracticaPasarInformacionTests/Info.plist;
				LD_RUNPATH_SEARCH_PATHS = (
					"$(inherited)",
					"@executable_path/Frameworks",
					"@loader_path/Frameworks",
				);
				PRODUCT_BUNDLE_IDENTIFIER = "-6.PracticaPasarInformacionTests";
				PRODUCT_NAME = "$(TARGET_NAME)";
				SWIFT_VERSION = 4.2;
				TARGETED_DEVICE_FAMILY = "1,2";
				TEST_HOST = "$(BUILT_PRODUCTS_DIR)/PracticaPasarInformacion.app/PracticaPasarInformacion";
			};
			name = Release;
		};
		1A4A8BA2221C423200A8B67F /* Debug */ = {
			isa = XCBuildConfiguration;
			buildSettings = {
				ALWAYS_EMBED_SWIFT_STANDARD_LIBRARIES = YES;
				CODE_SIGN_STYLE = Automatic;
				DEVELOPMENT_TEAM = HTLL38VT4L;
				INFOPLIST_FILE = PracticaPasarInformacionUITests/Info.plist;
				LD_RUNPATH_SEARCH_PATHS = (
					"$(inherited)",
					"@executable_path/Frameworks",
					"@loader_path/Frameworks",
				);
				PRODUCT_BUNDLE_IDENTIFIER = "-6.PracticaPasarInformacionUITests";
				PRODUCT_NAME = "$(TARGET_NAME)";
				SWIFT_VERSION = 4.2;
				TARGETED_DEVICE_FAMILY = "1,2";
				TEST_TARGET_NAME = PracticaPasarInformacion;
			};
			name = Debug;
		};
		1A4A8BA3221C423200A8B67F /* Release */ = {
			isa = XCBuildConfiguration;
			buildSettings = {
				ALWAYS_EMBED_SWIFT_STANDARD_LIBRARIES = YES;
				CODE_SIGN_STYLE = Automatic;
				DEVELOPMENT_TEAM = HTLL38VT4L;
				INFOPLIST_FILE = PracticaPasarInformacionUITests/Info.plist;
				LD_RUNPATH_SEARCH_PATHS = (
					"$(inherited)",
					"@executable_path/Frameworks",
					"@loader_path/Frameworks",
				);
				PRODUCT_BUNDLE_IDENTIFIER = "-6.PracticaPasarInformacionUITests";
				PRODUCT_NAME = "$(TARGET_NAME)";
				SWIFT_VERSION = 4.2;
				TARGETED_DEVICE_FAMILY = "1,2";
				TEST_TARGET_NAME = PracticaPasarInformacion;
			};
			name = Release;
		};
/* End XCBuildConfiguration section */

/* Begin XCConfigurationList section */
		1A4A8B6E221C423000A8B67F /* Build configuration list for PBXProject "PracticaPasarInformacion" */ = {
			isa = XCConfigurationList;
			buildConfigurations = (
				1A4A8B99221C423200A8B67F /* Debug */,
				1A4A8B9A221C423200A8B67F /* Release */,
			);
			defaultConfigurationIsVisible = 0;
			defaultConfigurationName = Release;
		};
		1A4A8B9B221C423200A8B67F /* Build configuration list for PBXNativeTarget "PracticaPasarInformacion" */ = {
			isa = XCConfigurationList;
			buildConfigurations = (
				1A4A8B9C221C423200A8B67F /* Debug */,
				1A4A8B9D221C423200A8B67F /* Release */,
			);
			defaultConfigurationIsVisible = 0;
			defaultConfigurationName = Release;
		};
		1A4A8B9E221C423200A8B67F /* Build configuration list for PBXNativeTarget "PracticaPasarInformacionTests" */ = {
			isa = XCConfigurationList;
			buildConfigurations = (
				1A4A8B9F221C423200A8B67F /* Debug */,
				1A4A8BA0221C423200A8B67F /* Release */,
			);
			defaultConfigurationIsVisible = 0;
			defaultConfigurationName = Release;
		};
		1A4A8BA1221C423200A8B67F /* Build configuration list for PBXNativeTarget "PracticaPasarInformacionUITests" */ = {
			isa = XCConfigurationList;
			buildConfigurations = (
				1A4A8BA2221C423200A8B67F /* Debug */,
				1A4A8BA3221C423200A8B67F /* Release */,
			);
			defaultConfigurationIsVisible = 0;
			defaultConfigurationName = Release;
		};
/* End XCConfigurationList section */
	};
	rootObject = 1A4A8B6B221C423000A8B67F /* Project object */;
}
